// !$*UTF8*$!
{
	archiveVersion = 1;
	classes = {
	};
	objectVersion = 50;
	objects = {

/* Begin PBXBuildFile section */
		B6004F4F2650E6BA002FAEF8 /* Word_ScrambleApp.swift in Sources */ = {isa = PBXBuildFile; fileRef = B6004F4E2650E6BA002FAEF8 /* Word_ScrambleApp.swift */; };
		B6004F512650E6BA002FAEF8 /* ContentView.swift in Sources */ = {isa = PBXBuildFile; fileRef = B6004F502650E6BA002FAEF8 /* ContentView.swift */; };
		B6004F532650E6BD002FAEF8 /* Assets.xcassets in Resources */ = {isa = PBXBuildFile; fileRef = B6004F522650E6BD002FAEF8 /* Assets.xcassets */; };
		B6004F562650E6BD002FAEF8 /* Preview Assets.xcassets in Resources */ = {isa = PBXBuildFile; fileRef = B6004F552650E6BD002FAEF8 /* Preview Assets.xcassets */; };
		B6004F5E26510686002FAEF8 /* start.txt in Resources */ = {isa = PBXBuildFile; fileRef = B6004F5D26510686002FAEF8 /* start.txt */; };
/* End PBXBuildFile section */

/* Begin PBXFileReference section */
		B6004F4B2650E6BA002FAEF8 /* Word Scramble.app */ = {isa = PBXFileReference; explicitFileType = wrapper.application; includeInIndex = 0; path = "Word Scramble.app"; sourceTree = BUILT_PRODUCTS_DIR; };
		B6004F4E2650E6BA002FAEF8 /* Word_ScrambleApp.swift */ = {isa = PBXFileReference; lastKnownFileType = sourcecode.swift; path = Word_ScrambleApp.swift; sourceTree = "<group>"; };
		B6004F502650E6BA002FAEF8 /* ContentView.swift */ = {isa = PBXFileReference; lastKnownFileType = sourcecode.swift; path = ContentView.swift; sourceTree = "<group>"; };
		B6004F522650E6BD002FAEF8 /* Assets.xcassets */ = {isa = PBXFileReference; lastKnownFileType = folder.assetcatalog; path = Assets.xcassets; sourceTree = "<group>"; };
		B6004F552650E6BD002FAEF8 /* Preview Assets.xcassets */ = {isa = PBXFileReference; lastKnownFileType = folder.assetcatalog; path = "Preview Assets.xcassets"; sourceTree = "<group>"; };
		B6004F572650E6BD002FAEF8 /* Info.plist */ = {isa = PBXFileReference; lastKnownFileType = text.plist.xml; path = Info.plist; sourceTree = "<group>"; };
		B6004F5D26510686002FAEF8 /* start.txt */ = {isa = PBXFileReference; fileEncoding = 4; lastKnownFileType = text; path = start.txt; sourceTree = SOURCE_ROOT; };
/* End PBXFileReference section */

/* Begin PBXFrameworksBuildPhase section */
		B6004F482650E6BA002FAEF8 /* Frameworks */ = {
			isa = PBXFrameworksBuildPhase;
			buildActionMask = 2147483647;
			files = (
			);
			runOnlyForDeploymentPostprocessing = 0;
		};
/* End PBXFrameworksBuildPhase section */

/* Begin PBXGroup section */
		B6004F422650E6BA002FAEF8 = {
			isa = PBXGroup;
			children = (
				B6004F4D2650E6BA002FAEF8 /* Word Scramble */,
				B6004F4C2650E6BA002FAEF8 /* Products */,
			);
			sourceTree = "<group>";
		};
		B6004F4C2650E6BA002FAEF8 /* Products */ = {
			isa = PBXGroup;
			children = (
				B6004F4B2650E6BA002FAEF8 /* Word Scramble.app */,
			);
			name = Products;
			sourceTree = "<group>";
		};
		B6004F4D2650E6BA002FAEF8 /* Word Scramble */ = {
			isa = PBXGroup;
			children = (
				B6004F4E2650E6BA002FAEF8 /* Word_ScrambleApp.swift */,
				B6004F502650E6BA002FAEF8 /* ContentView.swift */,
				B6004F522650E6BD002FAEF8 /* Assets.xcassets */,
				B6004F572650E6BD002FAEF8 /* Info.plist */,
				B6004F5D26510686002FAEF8 /* start.txt */,
				B6004F542650E6BD002FAEF8 /* Preview Content */,
			);
			path = "Word Scramble";
			sourceTree = "<group>";
		};
		B6004F542650E6BD002FAEF8 /* Preview Content */ = {
			isa = PBXGroup;
			children = (
				B6004F552650E6BD002FAEF8 /* Preview Assets.xcassets */,
			);
			path = "Preview Content";
			sourceTree = "<group>";
		};
/* End PBXGroup section */

/* Begin PBXNativeTarget section */
		B6004F4A2650E6BA002FAEF8 /* Word Scramble */ = {
			isa = PBXNativeTarget;
			buildConfigurationList = B6004F5A2650E6BD002FAEF8 /* Build configuration list for PBXNativeTarget "Word Scramble" */;
			buildPhases = (
				B6004F472650E6BA002FAEF8 /* Sources */,
				B6004F482650E6BA002FAEF8 /* Frameworks */,
				B6004F492650E6BA002FAEF8 /* Resources */,
			);
			buildRules = (
			);
			dependencies = (
			);
			name = "Word Scramble";
			productName = "Word Scramble";
			productReference = B6004F4B2650E6BA002FAEF8 /* Word Scramble.app */;
			productType = "com.apple.product-type.application";
		};
/* End PBXNativeTarget section */

/* Begin PBXProject section */
		B6004F432650E6BA002FAEF8 /* Project object */ = {
			isa = PBXProject;
			attributes = {
				LastSwiftUpdateCheck = 1250;
				LastUpgradeCheck = 1250;
				TargetAttributes = {
					B6004F4A2650E6BA002FAEF8 = {
						CreatedOnToolsVersion = 12.5;
					};
				};
			};
			buildConfigurationList = B6004F462650E6BA002FAEF8 /* Build configuration list for PBXProject "Word Scramble" */;
			compatibilityVersion = "Xcode 9.3";
			developmentRegion = en;
			hasScannedForEncodings = 0;
			knownRegions = (
				en,
				Base,
			);
			mainGroup = B6004F422650E6BA002FAEF8;
			productRefGroup = B6004F4C2650E6BA002FAEF8 /* Products */;
			projectDirPath = "";
			projectRoot = "";
			targets = (
				B6004F4A2650E6BA002FAEF8 /* Word Scramble */,
			);
		};
/* End PBXProject section */

/* Begin PBXResourcesBuildPhase section */
		B6004F492650E6BA002FAEF8 /* Resources */ = {
			isa = PBXResourcesBuildPhase;
			buildActionMask = 2147483647;
			files = (
				B6004F562650E6BD002FAEF8 /* Preview Assets.xcassets in Resources */,
				B6004F5E26510686002FAEF8 /* start.txt in Resources */,
				B6004F532650E6BD002FAEF8 /* Assets.xcassets in Resources */,
			);
			runOnlyForDeploymentPostprocessing = 0;
		};
/* End PBXResourcesBuildPhase section */

/* Begin PBXSourcesBuildPhase section */
		B6004F472650E6BA002FAEF8 /* Sources */ = {
			isa = PBXSourcesBuildPhase;
			buildActionMask = 2147483647;
			files = (
				B6004F512650E6BA002FAEF8 /* ContentView.swift in Sources */,
				B6004F4F2650E6BA002FAEF8 /* Word_ScrambleApp.swift in Sources */,
			);
			runOnlyForDeploymentPostprocessing = 0;
		};
/* End PBXSourcesBuildPhase section */

/* Begin XCBuildConfiguration section */
		B6004F582650E6BD002FAEF8 /* Debug */ = {
			isa = XCBuildConfiguration;
			buildSettings = {
				ALWAYS_SEARCH_USER_PATHS = NO;
				CLANG_ANALYZER_NONNULL = YES;
				CLANG_ANALYZER_NUMBER_OBJECT_CONVERSION = YES_AGGRESSIVE;
				CLANG_CXX_LANGUAGE_STANDARD = "gnu++14";
				CLANG_CXX_LIBRARY = "libc++";
				CLANG_ENABLE_MODULES = YES;
				CLANG_ENABLE_OBJC_ARC = YES;
				CLANG_ENABLE_OBJC_WEAK = YES;
				CLANG_WARN_BLOCK_CAPTURE_AUTORELEASING = YES;
				CLANG_WARN_BOOL_CONVERSION = YES;
				CLANG_WARN_COMMA = YES;
				CLANG_WARN_CONSTANT_CONVERSION = YES;
				CLANG_WARN_DEPRECATED_OBJC_IMPLEMENTATIONS = YES;
				CLANG_WARN_DIRECT_OBJC_ISA_USAGE = YES_ERROR;
				CLANG_WARN_DOCUMENTATION_COMMENTS = YES;
				CLANG_WARN_EMPTY_BODY = YES;
				CLANG_WARN_ENUM_CONVERSION = YES;
				CLANG_WARN_INFINITE_RECURSION = YES;
				CLANG_WARN_INT_CONVERSION = YES;
				CLANG_WARN_NON_LITERAL_NULL_CONVERSION = YES;
				CLANG_WARN_OBJC_IMPLICIT_RETAIN_SELF = YES;
				CLANG_WARN_OBJC_LITERAL_CONVERSION = YES;
				CLANG_WARN_OBJC_ROOT_CLASS = YES_ERROR;
				CLANG_WARN_QUOTED_INCLUDE_IN_FRAMEWORK_HEADER = YES;
				CLANG_WARN_RANGE_LOOP_ANALYSIS = YES;
				CLANG_WARN_STRICT_PROTOTYPES = YES;
				CLANG_WARN_SUSPICIOUS_MOVE = YES;
				CLANG_WARN_UNGUARDED_AVAILABILITY = YES_AGGRESSIVE;
				CLANG_WARN_UNREACHABLE_CODE = YES;
				CLANG_WARN__DUPLICATE_METHOD_MATCH = YES;
				COPY_PHASE_STRIP = NO;
				DEBUG_INFORMATION_FORMAT = dwarf;
				ENABLE_STRICT_OBJC_MSGSEND = YES;
				ENABLE_TESTABILITY = YES;
				GCC_C_LANGUAGE_STANDARD = gnu11;
				GCC_DYNAMIC_NO_PIC = NO;
				GCC_NO_COMMON_BLOCKS = YES;
				GCC_OPTIMIZATION_LEVEL = 0;
				GCC_PREPROCESSOR_DEFINITIONS = (
					"DEBUG=1",
					"$(inherited)",
				);
				GCC_WARN_64_TO_32_BIT_CONVERSION = YES;
				GCC_WARN_ABOUT_RETURN_TYPE = YES_ERROR;
				GCC_WARN_UNDECLARED_SELECTOR = YES;
				GCC_WARN_UNINITIALIZED_AUTOS = YES_AGGRESSIVE;
				GCC_WARN_UNUSED_FUNCTION = YES;
				GCC_WARN_UNUSED_VARIABLE = YES;
				IPHONEOS_DEPLOYMENT_TARGET = 14.5;
				MTL_ENABLE_DEBUG_INFO = INCLUDE_SOURCE;
				MTL_FAST_MATH = YES;
				ONLY_ACTIVE_ARCH = YES;
				SDKROOT = iphoneos;
				SWIFT_ACTIVE_COMPILATION_CONDITIONS = DEBUG;
				SWIFT_OPTIMIZATION_LEVEL = "-Onone";
			};
			name = Debug;
		};
		B6004F592650E6BD002FAEF8 /* Release */ = {
			isa = XCBuildConfiguration;
			buildSettings = {
				ALWAYS_SEARCH_USER_PATHS = NO;
				CLANG_ANALYZER_NONNULL = YES;
				CLANG_ANALYZER_NUMBER_OBJECT_CONVERSION = YES_AGGRESSIVE;
				CLANG_CXX_LANGUAGE_STANDARD = "gnu++14";
				CLANG_CXX_LIBRARY = "libc++";
				CLANG_ENABLE_MODULES = YES;
				CLANG_ENABLE_OBJC_ARC = YES;
				CLANG_ENABLE_OBJC_WEAK = YES;
				CLANG_WARN_BLOCK_CAPTURE_AUTORELEASING = YES;
				CLANG_WARN_BOOL_CONVERSION = YES;
				CLANG_WARN_COMMA = YES;
				CLANG_WARN_CONSTANT_CONVERSION = YES;
				CLANG_WARN_DEPRECATED_OBJC_IMPLEMENTATIONS = YES;
				CLANG_WARN_DIRECT_OBJC_ISA_USAGE = YES_ERROR;
				CLANG_WARN_DOCUMENTATION_COMMENTS = YES;
				CLANG_WARN_EMPTY_BODY = YES;
				CLANG_WARN_ENUM_CONVERSION = YES;
				CLANG_WARN_INFINITE_RECURSION = YES;
				CLANG_WARN_INT_CONVERSION = YES;
				CLANG_WARN_NON_LITERAL_NULL_CONVERSION = YES;
				CLANG_WARN_OBJC_IMPLICIT_RETAIN_SELF = YES;
				CLANG_WARN_OBJC_LITERAL_CONVERSION = YES;
				CLANG_WARN_OBJC_ROOT_CLASS = YES_ERROR;
				CLANG_WARN_QUOTED_INCLUDE_IN_FRAMEWORK_HEADER = YES;
				CLANG_WARN_RANGE_LOOP_ANALYSIS = YES;
				CLANG_WARN_STRICT_PROTOTYPES = YES;
				CLANG_WARN_SUSPICIOUS_MOVE = YES;
				CLANG_WARN_UNGUARDED_AVAILABILITY = YES_AGGRESSIVE;
				CLANG_WARN_UNREACHABLE_CODE = YES;
				CLANG_WARN__DUPLICATE_METHOD_MATCH = YES;
				COPY_PHASE_STRIP = NO;
				DEBUG_INFORMATION_FORMAT = "dwarf-with-dsym";
				ENABLE_NS_ASSERTIONS = NO;
				ENABLE_STRICT_OBJC_MSGSEND = YES;
				GCC_C_LANGUAGE_STANDARD = gnu11;
				GCC_NO_COMMON_BLOCKS = YES;
				GCC_WARN_64_TO_32_BIT_CONVERSION = YES;
				GCC_WARN_ABOUT_RETURN_TYPE = YES_ERROR;
				GCC_WARN_UNDECLARED_SELECTOR = YES;
				GCC_WARN_UNINITIALIZED_AUTOS = YES_AGGRESSIVE;
				GCC_WARN_UNUSED_FUNCTION = YES;
				GCC_WARN_UNUSED_VARIABLE = YES;
				IPHONEOS_DEPLOYMENT_TARGET = 14.5;
				MTL_ENABLE_DEBUG_INFO = NO;
				MTL_FAST_MATH = YES;
				SDKROOT = iphoneos;
				SWIFT_COMPILATION_MODE = wholemodule;
				SWIFT_OPTIMIZATION_LEVEL = "-O";
				VALIDATE_PRODUCT = YES;
			};
			name = Release;
		};
		B6004F5B2650E6BD002FAEF8 /* Debug */ = {
			isa = XCBuildConfiguration;
			buildSettings = {
				ASSETCATALOG_COMPILER_APPICON_NAME = AppIcon;
				ASSETCATALOG_COMPILER_GLOBAL_ACCENT_COLOR_NAME = AccentColor;
				CODE_SIGN_STYLE = Automatic;
				DEVELOPMENT_ASSET_PATHS = "\"Word Scramble/Preview Content\"";
				DEVELOPMENT_TEAM = Q45MVWWV24;
				ENABLE_PREVIEWS = YES;
				INFOPLIST_FILE = "Word Scramble/Info.plist";
				IPHONEOS_DEPLOYMENT_TARGET = 14.0;
				LD_RUNPATH_SEARCH_PATHS = (
					"$(inherited)",
					"@executable_path/Frameworks",
				);
				PRODUCT_BUNDLE_IDENTIFIER = "com.gayankalinga.Word-Scramble";
				PRODUCT_NAME = "$(TARGET_NAME)";
				SWIFT_VERSION = 5.0;
				TARGETED_DEVICE_FAMILY = "1,2";
			};
			name = Debug;
		};
		B6004F5C2650E6BD002FAEF8 /* Release */ = {
			isa = XCBuildConfiguration;
			buildSettings = {
				ASSETCATALOG_COMPILER_APPICON_NAME = AppIcon;
				ASSETCATALOG_COMPILER_GLOBAL_ACCENT_COLOR_NAME = AccentColor;
				CODE_SIGN_STYLE = Automatic;
				DEVELOPMENT_ASSET_PATHS = "\"Word Scramble/Preview Content\"";
				DEVELOPMENT_TEAM = Q45MVWWV24;
				ENABLE_PREVIEWS = YES;
				INFOPLIST_FILE = "Word Scramble/Info.plist";
				IPHONEOS_DEPLOYMENT_TARGET = 14.0;
				LD_RUNPATH_SEARCH_PATHS = (
					"$(inherited)",
					"@executable_path/Frameworks",
				);
				PRODUCT_BUNDLE_IDENTIFIER = "com.gayankalinga.Word-Scramble";
				PRODUCT_NAME = "$(TARGET_NAME)";
				SWIFT_VERSION = 5.0;
				TARGETED_DEVICE_FAMILY = "1,2";
			};
			name = Release;
		};
/* End XCBuildConfiguration section */

/* Begin XCConfigurationList section */
		B6004F462650E6BA002FAEF8 /* Build configuration list for PBXProject "Word Scramble" */ = {
			isa = XCConfigurationList;
			buildConfigurations = (
				B6004F582650E6BD002FAEF8 /* Debug */,
				B6004F592650E6BD002FAEF8 /* Release */,
			);
			defaultConfigurationIsVisible = 0;
			defaultConfigurationName = Release;
		};
		B6004F5A2650E6BD002FAEF8 /* Build configuration list for PBXNativeTarget "Word Scramble" */ = {
			isa = XCConfigurationList;
			buildConfigurations = (
				B6004F5B2650E6BD002FAEF8 /* Debug */,
				B6004F5C2650E6BD002FAEF8 /* Release */,
			);
			defaultConfigurationIsVisible = 0;
			defaultConfigurationName = Release;
		};
/* End XCConfigurationList section */
	};
	rootObject = B6004F432650E6BA002FAEF8 /* Project object */;
}
